
Microsoft Visual Studio Solution File, Format Version 12.00
# Visual Studio Version 16
VisualStudioVersion = 16.0.30907.101
MinimumVisualStudioVersion = 10.0.40219.1
Project("{9A19103F-16F7-4668-BE54-9A1E7A4F7556}") = "Keda.CosmosDB.Scaler", "src\Keda.CosmosDB.Scaler.csproj", "{DF930E63-7F41-43B3-932D-2FD4E810FBA0}"
EndProject
Project("{9A19103F-16F7-4668-BE54-9A1E7A4F7556}") = "Keda.CosmosDB.Scaler.Tests", "test\Keda.CosmosDB.Scaler.Tests.csproj", "{31AF2207-6571-4587-964C-0EE3951D86C2}"
EndProject
Global
	GlobalSection(SolutionConfigurationPlatforms) = preSolution
		Debug|Any CPU = Debug|Any CPU
		Release|Any CPU = Release|Any CPU
	EndGlobalSection
	GlobalSection(ProjectConfigurationPlatforms) = postSolution
		{DF930E63-7F41-43B3-932D-2FD4E810FBA0}.Debug|Any CPU.ActiveCfg = Debug|Any CPU
		{DF930E63-7F41-43B3-932D-2FD4E810FBA0}.Debug|Any CPU.Build.0 = Debug|Any CPU
		{DF930E63-7F41-43B3-932D-2FD4E810FBA0}.Release|Any CPU.ActiveCfg = Release|Any CPU
		{DF930E63-7F41-43B3-932D-2FD4E810FBA0}.Release|Any CPU.Build.0 = Release|Any CPU
		{31AF2207-6571-4587-964C-0EE3951D86C2}.Debug|Any CPU.ActiveCfg = Debug|Any CPU
		{31AF2207-6571-4587-964C-0EE3951D86C2}.Debug|Any CPU.Build.0 = Debug|Any CPU
		{31AF2207-6571-4587-964C-0EE3951D86C2}.Release|Any CPU.ActiveCfg = Release|Any CPU
		{31AF2207-6571-4587-964C-0EE3951D86C2}.Release|Any CPU.Build.0 = Release|Any CPU
	EndGlobalSection
	GlobalSection(SolutionProperties) = preSolution
		HideSolutionNode = FALSE
	EndGlobalSection
	GlobalSection(ExtensibilityGlobals) = postSolution
		SolutionGuid = {E7B53967-47F0-4201-B16E-4F231B896245}
	EndGlobalSection
EndGlobal
